# THIS IS AN AUTOGENERATED FILE. DO NOT EDIT THIS FILE DIRECTLY.
# yarn lockfile v1


"@ant-design/pro-descriptions@^1.0.17":
  version "1.0.17"
  resolved "https://registry.npm.taobao.org/@ant-design/pro-descriptions/download/@ant-design/pro-descriptions-1.0.17.tgz?cache=0&sync_timestamp=1600073012893&other_urls=https%3A%2F%2Fregistry.npm.taobao.org%2F%40ant-design%2Fpro-descriptions%2Fdownload%2F%40ant-design%2Fpro-descriptions-1.0.17.tgz#a8e341ffcdefb57b31b843a9add8144c7cf176c5"
  integrity sha1-qONB/83vtXsxuEOprdgUTHzxdsU=
  dependencies:
    "@ant-design/pro-field" "0.3.1"
    "@ant-design/pro-skeleton" "1.0.0-beta.9"

"@ant-design/pro-field@0.3.1":
  version "0.3.1"
  resolved "https://registry.npm.taobao.org/@ant-design/pro-field/download/@ant-design/pro-field-0.3.1.tgz?cache=0&sync_timestamp=1600072991388&other_urls=https%3A%2F%2Fregistry.npm.taobao.org%2F%40ant-design%2Fpro-field%2Fdownload%2F%40ant-design%2Fpro-field-0.3.1.tgz#a1d78fe27d478bc90322e80f8c7e102b6c2bbc19"
  integrity sha1-odeP4n1Hi8kDIugPjH4QK2wrvBk=
  dependencies:
    "@ant-design/pro-provider" "0.1.0"
    classnames "^2.2.6"
    lodash.isequal "^4.5.0"
    lodash.tonumber "^4.0.3"
    moment "^2.27.0"

"@ant-design/pro-provider@0.1.0":
  version "0.1.0"
  resolved "https://registry.npm.taobao.org/@ant-design/pro-provider/download/@ant-design/pro-provider-0.1.0.tgz?cache=0&sync_timestamp=1599458205190&other_urls=https%3A%2F%2Fregistry.npm.taobao.org%2F%40ant-design%2Fpro-provider%2Fdownload%2F%40ant-design%2Fpro-provider-0.1.0.tgz#e7e68ec67e6d306968d208b763db92030b4a2d31"
  integrity sha1-5+aOxn5tMGlo0gi3Y9uSAwtKLTE=
  dependencies:
    rc-util "^5.0.1"

"@ant-design/pro-skeleton@1.0.0-beta.9":
  version "1.0.0-beta.9"
  resolved "https://registry.npm.taobao.org/@ant-design/pro-skeleton/download/@ant-design/pro-skeleton-1.0.0-beta.9.tgz?cache=0&other_urls=https%3A%2F%2Fregistry.npm.taobao.org%2F%40ant-design%2Fpro-skeleton%2Fdownload%2F%40ant-design%2Fpro-skeleton-1.0.0-beta.9.tgz#971fd894244fa363cc17bad17d5ababa4994b961"
  integrity sha1-lx/YlCRPo2PMF7rRfVq6ukmUuWE=
  dependencies:
    use-media-antd-query "^1.0.2"

classnames@^2.2.6:
  version "2.2.6"
  resolved "https://registry.npm.taobao.org/classnames/download/classnames-2.2.6.tgz#43935bffdd291f326dad0a205309b38d00f650ce"
  integrity sha1-Q5Nb/90pHzJtrQogUwmzjQD2UM4=

css-mediaquery@^0.1.2:
  version "0.1.2"
  resolved "https://registry.npm.taobao.org/css-mediaquery/download/css-mediaquery-0.1.2.tgz#6a2c37344928618631c54bd33cedd301da18bea0"
  integrity sha1-aiw3NEkoYYYxxUvTPO3TAdoYvqA=

hyphenate-style-name@^1.0.0:
  version "1.0.4"
  resolved "https://registry.npm.taobao.org/hyphenate-style-name/download/hyphenate-style-name-1.0.4.tgz#691879af8e220aea5750e8827db4ef62a54e361d"
  integrity sha1-aRh5r44iCupXUOiCfbTvYqVONh0=

"js-tokens@^3.0.0 || ^4.0.0":
  version "4.0.0"
  resolved "https://registry.npm.taobao.org/js-tokens/download/js-tokens-4.0.0.tgz#19203fb59991df98e3a287050d4647cdeaf32499"
  integrity sha1-GSA/tZmR35jjoocFDUZHzerzJJk=

lodash.isequal@^4.5.0:
  version "4.5.0"
  resolved "https://registry.npm.taobao.org/lodash.isequal/download/lodash.isequal-4.5.0.tgz#415c4478f2bcc30120c22ce10ed3226f7d3e18e0"
  integrity sha1-QVxEePK8wwEgwizhDtMib30+GOA=

lodash.tonumber@^4.0.3:
  version "4.0.3"
  resolved "https://registry.npm.taobao.org/lodash.tonumber/download/lodash.tonumber-4.0.3.tgz#0b96b31b35672793eb7f5a63ee791f1b9e9025d9"
  integrity sha1-C5azGzVnJ5Prf1pj7nkfG56QJdk=

loose-envify@^1.4.0:
  version "1.4.0"
  resolved "https://registry.npm.taobao.org/loose-envify/download/loose-envify-1.4.0.tgz#71ee51fa7be4caec1a63839f7e682d8132d30caf"
  integrity sha1-ce5R+nvkyuwaY4OffmgtgTLTDK8=
  dependencies:
    js-tokens "^3.0.0 || ^4.0.0"

matchmediaquery@^0.3.0:
  version "0.3.1"
  resolved "https://registry.npm.taobao.org/matchmediaquery/download/matchmediaquery-0.3.1.tgz#8247edc47e499ebb7c58f62a9ff9ccf5b815c6d7"
  integrity sha1-gkftxH5Jnrt8WPYqn/nM9bgVxtc=
  dependencies:
    css-mediaquery "^0.1.2"

moment@^2.27.0:
  version "2.28.0"
  resolved "https://registry.npm.taobao.org/moment/download/moment-2.28.0.tgz#cdfe73ce01327cee6537b0fafac2e0f21a237d75"
  integrity sha1-zf5zzgEyfO5lN7D6+sLg8hojfXU=

object-assign@^4.1.1:
  version "4.1.1"
  resolved "https://registry.npm.taobao.org/object-assign/download/object-assign-4.1.1.tgz#2109adc7965887cfc05cbbd442cac8bfbb360863"
  integrity sha1-IQmtx5ZYh8/AXLvUQsrIv7s2CGM=

prop-types@^15.6.1:
  version "15.7.2"
  resolved "https://registry.npm.taobao.org/prop-types/download/prop-types-15.7.2.tgz#52c41e75b8c87e72b9d9360e0206b99dcbffa6c5"
  integrity sha1-UsQedbjIfnK52TYOAga5ncv/psU=
  dependencies:
    loose-envify "^1.4.0"
    object-assign "^4.1.1"
    react-is "^16.8.1"

rc-util@^5.0.1:
  version "5.2.1"
  resolved "https://registry.npm.taobao.org/rc-util/download/rc-util-5.2.1.tgz#c01a3e25b4d65570e433f46f85fdf36ed44de6af"
  integrity sha1-wBo+JbTWVXDkM/Rvhf3zbtRN5q8=
  dependencies:
    react-is "^16.12.0"
    shallowequal "^1.1.0"

react-is@^16.12.0, react-is@^16.8.1:
  version "16.13.1"
  resolved "https://registry.npm.taobao.org/react-is/download/react-is-16.13.1.tgz?cache=0&sync_timestamp=1598612864426&other_urls=https%3A%2F%2Fregistry.npm.taobao.org%2Freact-is%2Fdownload%2Freact-is-16.13.1.tgz#789729a4dc36de2999dc156dd6c1d9c18cea56a4"
  integrity sha1-eJcppNw23imZ3BVt1sHZwYzqVqQ=

react-responsive@^8.0.1:
  version "8.1.0"
  resolved "https://registry.npm.taobao.org/react-responsive/download/react-responsive-8.1.0.tgz#afcc2293c46a37b1e7926ff7fef66bcb147e7cba"
  integrity sha1-r8wik8RqN7Hnkm/3/vZryxR+fLo=
  dependencies:
    hyphenate-style-name "^1.0.0"
    matchmediaquery "^0.3.0"
    prop-types "^15.6.1"
    shallow-equal "^1.1.0"

shallow-equal@^1.1.0:
  version "1.2.1"
  resolved "https://registry.npm.taobao.org/shallow-equal/download/shallow-equal-1.2.1.tgz#4c16abfa56043aa20d050324efa68940b0da79da"
  integrity sha1-TBar+lYEOqINBQMk76aJQLDaedo=

shallowequal@^1.1.0:
  version "1.1.0"
  resolved "https://registry.npm.taobao.org/shallowequal/download/shallowequal-1.1.0.tgz#188d521de95b9087404fd4dcb68b13df0ae4e7f8"
  integrity sha1-GI1SHelbkIdAT9TctosT3wrk5/g=

use-media-antd-query@^1.0.2:
  version "1.0.2"
  resolved "https://registry.npm.taobao.org/use-media-antd-query/download/use-media-antd-query-1.0.2.tgz#cbda1bdfb99cd20b0121a361c3d1331ca499ba58"
  integrity sha1-y9ob37mc0gsBIaNhw9EzHKSZulg=
  dependencies:
    react-responsive "^8.0.1"
